
Microsoft Visual Studio Solution File, Format Version 12.00
# Visual Studio Version 16
VisualStudioVersion = 16.0.32602.291
MinimumVisualStudioVersion = 10.0.40219.1
Project("{FAE04EC0-301F-11D3-BF4B-00C04F79EFBC}") = "WebApplication1Test2", "WebApplication1Test2.csproj", "{A637781F-F8E7-4F2A-948D-1C81CEF555E7}"
EndProject
Global
	GlobalSection(SolutionConfigurationPlatforms) = preSolution
		Debug|Any CPU = Debug|Any CPU
		Release|Any CPU = Release|Any CPU
	EndGlobalSection
	GlobalSection(ProjectConfigurationPlatforms) = postSolution
		{A637781F-F8E7-4F2A-948D-1C81CEF555E7}.Debug|Any CPU.ActiveCfg = Debug|Any CPU
		{A637781F-F8E7-4F2A-948D-1C81CEF555E7}.Debug|Any CPU.Build.0 = Debug|Any CPU
		{A637781F-F8E7-4F2A-948D-1C81CEF555E7}.Release|Any CPU.ActiveCfg = Release|Any CPU
		{A637781F-F8E7-4F2A-948D-1C81CEF555E7}.Release|Any CPU.Build.0 = Release|Any CPU
	EndGlobalSection
	GlobalSection(SolutionProperties) = preSolution
		HideSolutionNode = FALSE
	EndGlobalSection
	GlobalSection(ExtensibilityGlobals) = postSolution
		SolutionGuid = {465751B4-3C63-471F-B4E1-6343C503621B}
	EndGlobalSection
EndGlobal
